{
	"name": "require-lazy",
	"version": "0.3.8",
	"lockfileVersion": 1,
	"requires": true,
	"dependencies": {
		"extend": {
			"version": "2.0.2",
			"resolved": "https://registry.npmjs.org/extend/-/extend-2.0.2.tgz",
			"integrity": "sha512-AgFD4VU+lVLP6vjnlNfF7OeInLTyeyckCNPEsuxz1vi786UuK/nk6ynPuhn/h+Ju9++TQyr5EpLRI14fc1QtTQ=="
		},
		"requirejs": {
			"version": "2.3.6",
			"resolved": "https://registry.npmjs.org/requirejs/-/requirejs-2.3.6.tgz",
			"integrity": "sha512-ipEzlWQe6RK3jkzikgCupiTbTvm4S0/CAU5GlgptkN5SO6F3u0UD0K18wy6ErDqiCyP4J4YYe1HuAShvsxePLg=="
		}
	}
}
